// !$*UTF8*$!
{
	archiveVersion = 1;
	classes = {
	};
	objectVersion = 56;
	objects = {

/* Begin PBXBuildFile section */
		PQ0000000000000000000002 /* ConfettiView.swift in Sources */ = {isa = PBXBuildFile; fileRef = PQ0000000000000000000001 /* ConfettiView.swift */; };
		PQ0000000000000000000004 /* DifficultyBadgeView.swift in Sources */ = {isa = PBXBuildFile; fileRef = PQ0000000000000000000003 /* DifficultyBadgeView.swift */; };
		PQ0000000000000000000006 /* StreakIndicatorView.swift in Sources */ = {isa = PBXBuildFile; fileRef = PQ0000000000000000000005 /* StreakIndicatorView.swift */; };
		PQ0000000000000000000008 /* TokenBadgeView.swift in Sources */ = {isa = PBXBuildFile; fileRef = PQ0000000000000000000007 /* TokenBadgeView.swift */; };
		PQ000000000000000000000A /* UIHelpers.swift in Sources */ = {isa = PBXBuildFile; fileRef = PQ0000000000000000000009 /* UIHelpers.swift */; };
		PQ000000000000000000000C /* ContentView.swift in Sources */ = {isa = PBXBuildFile; fileRef = PQ000000000000000000000B /* ContentView.swift */; };
		PQ000000000000000000000E /* Country.swift in Sources */ = {isa = PBXBuildFile; fileRef = PQ000000000000000000000D /* Country.swift */; };
		PQ0000000000000000000010 /* CountryDatabase.swift in Sources */ = {isa = PBXBuildFile; fileRef = PQ000000000000000000000F /* CountryDatabase.swift */; };
		PQ0000000000000000000012 /* LandmarkArt.swift in Sources */ = {isa = PBXBuildFile; fileRef = PQ0000000000000000000011 /* LandmarkArt.swift */; };
		PQ0000000000000000000014 /* PlayerProgress.swift in Sources */ = {isa = PBXBuildFile; fileRef = PQ0000000000000000000013 /* PlayerProgress.swift */; };
		PQ0000000000000000000016 /* SilhouettePaths.swift in Sources */ = {isa = PBXBuildFile; fileRef = PQ0000000000000000000015 /* SilhouettePaths.swift */; };
		PQ0000000000000000000018 /* DifficultyMode.swift in Sources */ = {isa = PBXBuildFile; fileRef = PQ0000000000000000000017 /* DifficultyMode.swift */; };
		PQ000000000000000000001A /* DifficultySelectionView.swift in Sources */ = {isa = PBXBuildFile; fileRef = PQ0000000000000000000019 /* DifficultySelectionView.swift */; };
		PQ000000000000000000001C /* GameSettings.swift in Sources */ = {isa = PBXBuildFile; fileRef = PQ000000000000000000001B /* GameSettings.swift */; };
		PQ000000000000000000001E /* AnswerInputView.swift in Sources */ = {isa = PBXBuildFile; fileRef = PQ000000000000000000001D /* AnswerInputView.swift */; };
		PQ0000000000000000000020 /* ClueView.swift in Sources */ = {isa = PBXBuildFile; fileRef = PQ000000000000000000001F /* ClueView.swift */; };
		PQ0000000000000000000022 /* DailyChallengeView.swift in Sources */ = {isa = PBXBuildFile; fileRef = PQ0000000000000000000021 /* DailyChallengeView.swift */; };
		PQ0000000000000000000024 /* GameView.swift in Sources */ = {isa = PBXBuildFile; fileRef = PQ0000000000000000000023 /* GameView.swift */; };
		PQ0000000000000000000026 /* GameViewModel.swift in Sources */ = {isa = PBXBuildFile; fileRef = PQ0000000000000000000025 /* GameViewModel.swift */; };
		PQ0000000000000000000028 /* ResultView.swift in Sources */ = {isa = PBXBuildFile; fileRef = PQ0000000000000000000027 /* ResultView.swift */; };
		PQ000000000000000000002A /* SilhouetteView.swift in Sources */ = {isa = PBXBuildFile; fileRef = PQ0000000000000000000029 /* SilhouetteView.swift */; };
		PQ000000000000000000002C /* ContinentSprintView.swift in Sources */ = {isa = PBXBuildFile; fileRef = PQ000000000000000000002B /* ContinentSprintView.swift */; };
		PQ000000000000000000002E /* TravellersTriviaView.swift in Sources */ = {isa = PBXBuildFile; fileRef = PQ000000000000000000002D /* TravellersTriviaView.swift */; };
		PQ0000000000000000000030 /* PassportView.swift in Sources */ = {isa = PBXBuildFile; fileRef = PQ000000000000000000002F /* PassportView.swift */; };
		PQ0000000000000000000032 /* StampCardView.swift in Sources */ = {isa = PBXBuildFile; fileRef = PQ0000000000000000000031 /* StampCardView.swift */; };
		PQ0000000000000000000034 /* PassportQuestApp.swift in Sources */ = {isa = PBXBuildFile; fileRef = PQ0000000000000000000033 /* PassportQuestApp.swift */; };
		PQ0000000000000000000036 /* SettingsView.swift in Sources */ = {isa = PBXBuildFile; fileRef = PQ0000000000000000000035 /* SettingsView.swift */; };
		PQ0000000000000000000038 /* Assets.xcassets in Resources */ = {isa = PBXBuildFile; fileRef = PQ0000000000000000000037 /* Assets.xcassets */; };
		PQ000000000000000000003A /* PrivacyInfo.xcprivacy in Resources */ = {isa = PBXBuildFile; fileRef = PQ0000000000000000000039 /* PrivacyInfo.xcprivacy */; };
		PQ000000000000000000003C /* Localizable.strings in Resources */ = {isa = PBXBuildFile; fileRef = PQ000000000000000000003B /* Localizable.strings */; };
/* End PBXBuildFile section */

/* Begin PBXFileReference section */
		PQ0000000000000000000001 /* ConfettiView.swift */ = {isa = PBXFileReference; lastKnownFileType = sourcecode.swift; path = "ConfettiView.swift"; sourceTree = "<group>"; };
		PQ0000000000000000000003 /* DifficultyBadgeView.swift */ = {isa = PBXFileReference; lastKnownFileType = sourcecode.swift; path = "DifficultyBadgeView.swift"; sourceTree = "<group>"; };
		PQ0000000000000000000005 /* StreakIndicatorView.swift */ = {isa = PBXFileReference; lastKnownFileType = sourcecode.swift; path = "StreakIndicatorView.swift"; sourceTree = "<group>"; };
		PQ0000000000000000000007 /* TokenBadgeView.swift */ = {isa = PBXFileReference; lastKnownFileType = sourcecode.swift; path = "TokenBadgeView.swift"; sourceTree = "<group>"; };
		PQ0000000000000000000009 /* UIHelpers.swift */ = {isa = PBXFileReference; lastKnownFileType = sourcecode.swift; path = "UIHelpers.swift"; sourceTree = "<group>"; };
		PQ000000000000000000000B /* ContentView.swift */ = {isa = PBXFileReference; lastKnownFileType = sourcecode.swift; path = "ContentView.swift"; sourceTree = "<group>"; };
		PQ000000000000000000000D /* Country.swift */ = {isa = PBXFileReference; lastKnownFileType = sourcecode.swift; path = "Country.swift"; sourceTree = "<group>"; };
		PQ000000000000000000000F /* CountryDatabase.swift */ = {isa = PBXFileReference; lastKnownFileType = sourcecode.swift; path = "CountryDatabase.swift"; sourceTree = "<group>"; };
		PQ0000000000000000000011 /* LandmarkArt.swift */ = {isa = PBXFileReference; lastKnownFileType = sourcecode.swift; path = "LandmarkArt.swift"; sourceTree = "<group>"; };
		PQ0000000000000000000013 /* PlayerProgress.swift */ = {isa = PBXFileReference; lastKnownFileType = sourcecode.swift; path = "PlayerProgress.swift"; sourceTree = "<group>"; };
		PQ0000000000000000000015 /* SilhouettePaths.swift */ = {isa = PBXFileReference; lastKnownFileType = sourcecode.swift; path = "SilhouettePaths.swift"; sourceTree = "<group>"; };
		PQ0000000000000000000017 /* DifficultyMode.swift */ = {isa = PBXFileReference; lastKnownFileType = sourcecode.swift; path = "DifficultyMode.swift"; sourceTree = "<group>"; };
		PQ0000000000000000000019 /* DifficultySelectionView.swift */ = {isa = PBXFileReference; lastKnownFileType = sourcecode.swift; path = "DifficultySelectionView.swift"; sourceTree = "<group>"; };
		PQ000000000000000000001B /* GameSettings.swift */ = {isa = PBXFileReference; lastKnownFileType = sourcecode.swift; path = "GameSettings.swift"; sourceTree = "<group>"; };
		PQ000000000000000000001D /* AnswerInputView.swift */ = {isa = PBXFileReference; lastKnownFileType = sourcecode.swift; path = "AnswerInputView.swift"; sourceTree = "<group>"; };
		PQ000000000000000000001F /* ClueView.swift */ = {isa = PBXFileReference; lastKnownFileType = sourcecode.swift; path = "ClueView.swift"; sourceTree = "<group>"; };
		PQ0000000000000000000021 /* DailyChallengeView.swift */ = {isa = PBXFileReference; lastKnownFileType = sourcecode.swift; path = "DailyChallengeView.swift"; sourceTree = "<group>"; };
		PQ0000000000000000000023 /* GameView.swift */ = {isa = PBXFileReference; lastKnownFileType = sourcecode.swift; path = "GameView.swift"; sourceTree = "<group>"; };
		PQ0000000000000000000025 /* GameViewModel.swift */ = {isa = PBXFileReference; lastKnownFileType = sourcecode.swift; path = "GameViewModel.swift"; sourceTree = "<group>"; };
		PQ0000000000000000000027 /* ResultView.swift */ = {isa = PBXFileReference; lastKnownFileType = sourcecode.swift; path = "ResultView.swift"; sourceTree = "<group>"; };
		PQ0000000000000000000029 /* SilhouetteView.swift */ = {isa = PBXFileReference; lastKnownFileType = sourcecode.swift; path = "SilhouetteView.swift"; sourceTree = "<group>"; };
		PQ000000000000000000002B /* ContinentSprintView.swift */ = {isa = PBXFileReference; lastKnownFileType = sourcecode.swift; path = "ContinentSprintView.swift"; sourceTree = "<group>"; };
		PQ000000000000000000002D /* TravellersTriviaView.swift */ = {isa = PBXFileReference; lastKnownFileType = sourcecode.swift; path = "TravellersTriviaView.swift"; sourceTree = "<group>"; };
		PQ000000000000000000002F /* PassportView.swift */ = {isa = PBXFileReference; lastKnownFileType = sourcecode.swift; path = "PassportView.swift"; sourceTree = "<group>"; };
		PQ0000000000000000000031 /* StampCardView.swift */ = {isa = PBXFileReference; lastKnownFileType = sourcecode.swift; path = "StampCardView.swift"; sourceTree = "<group>"; };
		PQ0000000000000000000033 /* PassportQuestApp.swift */ = {isa = PBXFileReference; lastKnownFileType = sourcecode.swift; path = "PassportQuestApp.swift"; sourceTree = "<group>"; };
		PQ0000000000000000000035 /* SettingsView.swift */ = {isa = PBXFileReference; lastKnownFileType = sourcecode.swift; path = "SettingsView.swift"; sourceTree = "<group>"; };
		PQ0000000000000000000037 /* Assets.xcassets */ = {isa = PBXFileReference; lastKnownFileType = folder.assetcatalog; path = Assets.xcassets; sourceTree = "<group>"; };
		PQ0000000000000000000039 /* PrivacyInfo.xcprivacy */ = {isa = PBXFileReference; lastKnownFileType = text.plist.xml; path = PrivacyInfo.xcprivacy; sourceTree = "<group>"; };
		PQ0000000000000000000047 /* PassportQuest.app */ = {isa = PBXFileReference; explicitFileType = wrapper.application; includeInIndex = 0; path = "PassportQuest.app"; sourceTree = BUILT_PRODUCTS_DIR; };
		PQ000000000000000000003D /* en */ = {isa = PBXFileReference; lastKnownFileType = text.plist.strings; name = en; path = "en.lproj/Localizable.strings"; sourceTree = "<group>"; };
/* End PBXFileReference section */

/* Begin PBXFrameworksBuildPhase section */
		PQ000000000000000000004C /* Frameworks */ = {
			isa = PBXFrameworksBuildPhase;
			buildActionMask = 2147483647;
			files = (
			);
			runOnlyForDeploymentPostprocessing = 0;
		};
/* End PBXFrameworksBuildPhase section */

/* Begin PBXGroup section */
		PQ000000000000000000003F /* Components */ = {
			isa = PBXGroup;
			children = (
				PQ0000000000000000000001 /* ConfettiView.swift */,
				PQ0000000000000000000003 /* DifficultyBadgeView.swift */,
				PQ0000000000000000000005 /* StreakIndicatorView.swift */,
				PQ0000000000000000000007 /* TokenBadgeView.swift */,
				PQ0000000000000000000009 /* UIHelpers.swift */,
			);
			path = "Components";
			sourceTree = "<group>";
		};
		PQ0000000000000000000040 /* Data */ = {
			isa = PBXGroup;
			children = (
				PQ000000000000000000000D /* Country.swift */,
				PQ000000000000000000000F /* CountryDatabase.swift */,
				PQ0000000000000000000011 /* LandmarkArt.swift */,
				PQ0000000000000000000013 /* PlayerProgress.swift */,
				PQ0000000000000000000015 /* SilhouettePaths.swift */,
			);
			path = "Data";
			sourceTree = "<group>";
		};
		PQ0000000000000000000041 /* Difficulty */ = {
			isa = PBXGroup;
			children = (
				PQ0000000000000000000017 /* DifficultyMode.swift */,
				PQ0000000000000000000019 /* DifficultySelectionView.swift */,
				PQ000000000000000000001B /* GameSettings.swift */,
			);
			path = "Difficulty";
			sourceTree = "<group>";
		};
		PQ0000000000000000000042 /* Game */ = {
			isa = PBXGroup;
			children = (
				PQ000000000000000000001D /* AnswerInputView.swift */,
				PQ000000000000000000001F /* ClueView.swift */,
				PQ0000000000000000000021 /* DailyChallengeView.swift */,
				PQ0000000000000000000023 /* GameView.swift */,
				PQ0000000000000000000025 /* GameViewModel.swift */,
				PQ0000000000000000000027 /* ResultView.swift */,
				PQ0000000000000000000029 /* SilhouetteView.swift */,
			);
			path = "Game";
			sourceTree = "<group>";
		};
		PQ0000000000000000000043 /* Minigames */ = {
			isa = PBXGroup;
			children = (
				PQ000000000000000000002B /* ContinentSprintView.swift */,
				PQ000000000000000000002D /* TravellersTriviaView.swift */,
			);
			path = "Minigames";
			sourceTree = "<group>";
		};
		PQ0000000000000000000044 /* Passport */ = {
			isa = PBXGroup;
			children = (
				PQ000000000000000000002F /* PassportView.swift */,
				PQ0000000000000000000031 /* StampCardView.swift */,
			);
			path = "Passport";
			sourceTree = "<group>";
		};
		PQ0000000000000000000045 /* Settings */ = {
			isa = PBXGroup;
			children = (
				PQ0000000000000000000035 /* SettingsView.swift */,
			);
			path = "Settings";
			sourceTree = "<group>";
		};
		PQ0000000000000000000046 /* Resources */ = {
			isa = PBXGroup;
			children = (
				PQ000000000000000000003B /* Localizable.strings */,
				PQ0000000000000000000039 /* PrivacyInfo.xcprivacy */,
			);
			path = Resources;
			sourceTree = "<group>";
		};
		PQ000000000000000000003E /* PassportQuest */ = {
			isa = PBXGroup;
			children = (
				PQ000000000000000000003F /* Components/ */,
				PQ0000000000000000000040 /* Data/ */,
				PQ0000000000000000000041 /* Difficulty/ */,
				PQ0000000000000000000042 /* Game/ */,
				PQ0000000000000000000043 /* Minigames/ */,
				PQ0000000000000000000044 /* Passport/ */,
				PQ0000000000000000000045 /* Settings/ */,
				PQ000000000000000000000B /* ContentView.swift */,
				PQ0000000000000000000033 /* PassportQuestApp.swift */,
				PQ0000000000000000000037 /* Assets.xcassets */,
				PQ0000000000000000000046 /* Resources/ */,
			);
			path = "PassportQuest";
			sourceTree = "<group>";
		};
		PQ0000000000000000000048 /* Products */ = {
			isa = PBXGroup;
			children = (
				PQ0000000000000000000047 /* PassportQuest.app */,
			);
			name = Products;
			sourceTree = "<group>";
		};
		PQ0000000000000000000049 = {
			isa = PBXGroup;
			children = (
				PQ000000000000000000003E /* PassportQuest */,
				PQ0000000000000000000048 /* Products */,
			);
			sourceTree = "<group>";
		};
/* End PBXGroup section */

/* Begin PBXNativeTarget section */
		PQ000000000000000000004D /* PassportQuest */ = {
			isa = PBXNativeTarget;
			buildConfigurationList = PQ000000000000000000004F /* Build configuration list for PBXNativeTarget "PassportQuest" */;
			buildPhases = (
				PQ000000000000000000004A /* Sources */,
				PQ000000000000000000004C /* Frameworks */,
				PQ000000000000000000004B /* Resources */,
			);
			buildRules = (
			);
			dependencies = (
			);
			name = "PassportQuest";
			productName = "PassportQuest";
			productReference = PQ0000000000000000000047 /* PassportQuest.app */;
			productType = "com.apple.product-type.application";
		};
/* End PBXNativeTarget section */

/* Begin PBXProject section */
		PQ000000000000000000004E /* Project object */ = {
			isa = PBXProject;
			attributes = {
				BuildIndependentTargetsInParallel = 1;
				LastSwiftUpdateCheck = 1500;
				LastUpgradeCheck = 1500;
				TargetAttributes = {
					PQ000000000000000000004D = {
						CreatedOnToolsVersion = 15.0;
					};
				};
			};
			buildConfigurationList = PQ0000000000000000000050 /* Build configuration list for PBXProject "PassportQuest" */;
			compatibilityVersion = "Xcode 14.0";
			developmentRegion = en;
			hasScannedForEncodings = 0;
			knownRegions = (
				Base,
				en,
			);
			mainGroup = PQ0000000000000000000049;
			productRefGroup = PQ0000000000000000000048 /* Products */;
			projectDirPath = "";
			projectRoot = "";
			targets = (
				PQ000000000000000000004D /* PassportQuest */,
			);
		};
/* End PBXProject section */

/* Begin PBXResourcesBuildPhase section */
		PQ000000000000000000004B /* Resources */ = {
			isa = PBXResourcesBuildPhase;
			buildActionMask = 2147483647;
			files = (
				PQ0000000000000000000038 /* Assets.xcassets in Resources */,
				PQ000000000000000000003A /* PrivacyInfo.xcprivacy in Resources */,
				PQ000000000000000000003C /* Localizable.strings in Resources */,
			);
			runOnlyForDeploymentPostprocessing = 0;
		};
/* End PBXResourcesBuildPhase section */

/* Begin PBXSourcesBuildPhase section */
		PQ000000000000000000004A /* Sources */ = {
			isa = PBXSourcesBuildPhase;
			buildActionMask = 2147483647;
			files = (
				PQ0000000000000000000002 /* ConfettiView.swift in Sources */,
				PQ0000000000000000000004 /* DifficultyBadgeView.swift in Sources */,
				PQ0000000000000000000006 /* StreakIndicatorView.swift in Sources */,
				PQ0000000000000000000008 /* TokenBadgeView.swift in Sources */,
				PQ000000000000000000000A /* UIHelpers.swift in Sources */,
				PQ000000000000000000000C /* ContentView.swift in Sources */,
				PQ000000000000000000000E /* Country.swift in Sources */,
				PQ0000000000000000000010 /* CountryDatabase.swift in Sources */,
				PQ0000000000000000000012 /* LandmarkArt.swift in Sources */,
				PQ0000000000000000000014 /* PlayerProgress.swift in Sources */,
				PQ0000000000000000000016 /* SilhouettePaths.swift in Sources */,
				PQ0000000000000000000018 /* DifficultyMode.swift in Sources */,
				PQ000000000000000000001A /* DifficultySelectionView.swift in Sources */,
				PQ000000000000000000001C /* GameSettings.swift in Sources */,
				PQ000000000000000000001E /* AnswerInputView.swift in Sources */,
				PQ0000000000000000000020 /* ClueView.swift in Sources */,
				PQ0000000000000000000022 /* DailyChallengeView.swift in Sources */,
				PQ0000000000000000000024 /* GameView.swift in Sources */,
				PQ0000000000000000000026 /* GameViewModel.swift in Sources */,
				PQ0000000000000000000028 /* ResultView.swift in Sources */,
				PQ000000000000000000002A /* SilhouetteView.swift in Sources */,
				PQ000000000000000000002C /* ContinentSprintView.swift in Sources */,
				PQ000000000000000000002E /* TravellersTriviaView.swift in Sources */,
				PQ0000000000000000000030 /* PassportView.swift in Sources */,
				PQ0000000000000000000032 /* StampCardView.swift in Sources */,
				PQ0000000000000000000034 /* PassportQuestApp.swift in Sources */,
				PQ0000000000000000000036 /* SettingsView.swift in Sources */,
			);
			runOnlyForDeploymentPostprocessing = 0;
		};
/* End PBXSourcesBuildPhase section */

/* Begin PBXVariantGroup section */
		PQ000000000000000000003B /* Localizable.strings */ = {
			isa = PBXVariantGroup;
			children = (
				PQ000000000000000000003D /* en */,
			);
			name = Localizable.strings;
			sourceTree = "<group>";
		};
/* End PBXVariantGroup section */

/* Begin XCBuildConfiguration section */
		PQ0000000000000000000051 /* Debug */ = {
			isa = XCBuildConfiguration;
			buildSettings = {
				ALWAYS_SEARCH_USER_PATHS = NO;
				ASSETCATALOG_COMPILER_GENERATE_SWIFT_ASSET_SYMBOL_EXTENSIONS = YES;
				CLANG_ANALYZER_NONNULL = YES;
				CLANG_ENABLE_MODULES = YES;
				CLANG_ENABLE_OBJC_ARC = YES;
				CLANG_WARN_BOOL_CONVERSION = YES;
				CLANG_WARN_DOCUMENTATION_COMMENTS = YES;
				CLANG_WARN_UNGUARDED_AVAILABILITY = YES_AGGRESSIVE;
				COPY_PHASE_STRIP = NO;
				ENABLE_STRICT_OBJC_MSGSEND = YES;
				ENABLE_USER_SCRIPT_SANDBOXING = YES;
				GCC_C_LANGUAGE_STANDARD = gnu17;
				GCC_NO_COMMON_BLOCKS = YES;
				IPHONEOS_DEPLOYMENT_TARGET = 16.0;
				LOCALIZATION_PREFERS_STRING_CATALOGS = YES;
				MTL_FAST_MATH = YES;
				SDKROOT = iphoneos;
				SWIFT_EMIT_LOC_STRINGS = YES;
				DEBUG_INFORMATION_FORMAT = dwarf;
				ENABLE_TESTABILITY = YES;
				GCC_DYNAMIC_NO_PIC = NO;
				GCC_OPTIMIZATION_LEVEL = 0;
				GCC_PREPROCESSOR_DEFINITIONS = (
					"DEBUG=1",
					"$(inherited)",
				);
				MTL_ENABLE_DEBUG_INFO = INCLUDE_SOURCE;
				ONLY_ACTIVE_ARCH = YES;
				SWIFT_ACTIVE_COMPILATION_CONDITIONS = "DEBUG $(inherited)";
				SWIFT_OPTIMIZATION_LEVEL = "-Onone";
			};
			name = Debug;
		};
		PQ0000000000000000000052 /* Release */ = {
			isa = XCBuildConfiguration;
			buildSettings = {
				ALWAYS_SEARCH_USER_PATHS = NO;
				ASSETCATALOG_COMPILER_GENERATE_SWIFT_ASSET_SYMBOL_EXTENSIONS = YES;
				CLANG_ANALYZER_NONNULL = YES;
				CLANG_ENABLE_MODULES = YES;
				CLANG_ENABLE_OBJC_ARC = YES;
				CLANG_WARN_BOOL_CONVERSION = YES;
				CLANG_WARN_DOCUMENTATION_COMMENTS = YES;
				CLANG_WARN_UNGUARDED_AVAILABILITY = YES_AGGRESSIVE;
				COPY_PHASE_STRIP = NO;
				ENABLE_STRICT_OBJC_MSGSEND = YES;
				ENABLE_USER_SCRIPT_SANDBOXING = YES;
				GCC_C_LANGUAGE_STANDARD = gnu17;
				GCC_NO_COMMON_BLOCKS = YES;
				IPHONEOS_DEPLOYMENT_TARGET = 16.0;
				LOCALIZATION_PREFERS_STRING_CATALOGS = YES;
				MTL_FAST_MATH = YES;
				SDKROOT = iphoneos;
				SWIFT_EMIT_LOC_STRINGS = YES;
				DEBUG_INFORMATION_FORMAT = "dwarf-with-dsym";
				ENABLE_NS_ASSERTIONS = NO;
				MTL_ENABLE_DEBUG_INFO = NO;
				SWIFT_COMPILATION_MODE = wholemodule;
				VALIDATE_PRODUCT = YES;
			};
			name = Release;
		};
		PQ0000000000000000000053 /* Debug */ = {
			isa = XCBuildConfiguration;
			buildSettings = {
				ASSETCATALOG_COMPILER_APPICON_NAME = AppIcon;
				ASSETCATALOG_COMPILER_GLOBAL_ACCENT_COLOR_NAME = AccentColor;
				CODE_SIGN_STYLE = Automatic;
				CURRENT_PROJECT_VERSION = 1;
				DEVELOPMENT_ASSET_PATHS = "";
				ENABLE_PREVIEWS = YES;
				GENERATE_INFOPLIST_FILE = YES;
				INFOPLIST_KEY_CFBundleDisplayName = "Passport Quest";
				INFOPLIST_KEY_LSApplicationCategoryType = "public.app-category.education";
				INFOPLIST_KEY_UIApplicationSupportsIndirectInputEvents = YES;
				INFOPLIST_KEY_UILaunchScreen_Generation = YES;
				INFOPLIST_KEY_UIStatusBarStyle = UIStatusBarStyleDefault;
				"INFOPLIST_KEY_UISupportedInterfaceOrientations[sdk=iphoneos*]" = "UIInterfaceOrientationPortrait UIInterfaceOrientationLandscapeLeft UIInterfaceOrientationLandscapeRight";
				"INFOPLIST_KEY_UISupportedInterfaceOrientations[sdk=ipados*]" = "UIInterfaceOrientationPortrait UIInterfaceOrientationPortraitUpsideDown UIInterfaceOrientationLandscapeLeft UIInterfaceOrientationLandscapeRight";
				LD_RUNPATH_SEARCH_PATHS = "@executable_path/Frameworks";
				MARKETING_VERSION = 1.0;
				PRODUCT_BUNDLE_IDENTIFIER = "com.example.passportquest";
				PRODUCT_NAME = "$(TARGET_NAME)";
				SWIFT_VERSION = 5.0;
				TARGETED_DEVICE_FAMILY = "1,2";
			};
			name = Debug;
		};
		PQ0000000000000000000054 /* Release */ = {
			isa = XCBuildConfiguration;
			buildSettings = {
				ASSETCATALOG_COMPILER_APPICON_NAME = AppIcon;
				ASSETCATALOG_COMPILER_GLOBAL_ACCENT_COLOR_NAME = AccentColor;
				CODE_SIGN_STYLE = Automatic;
				CURRENT_PROJECT_VERSION = 1;
				DEVELOPMENT_ASSET_PATHS = "";
				ENABLE_PREVIEWS = YES;
				GENERATE_INFOPLIST_FILE = YES;
				INFOPLIST_KEY_CFBundleDisplayName = "Passport Quest";
				INFOPLIST_KEY_LSApplicationCategoryType = "public.app-category.education";
				INFOPLIST_KEY_UIApplicationSupportsIndirectInputEvents = YES;
				INFOPLIST_KEY_UILaunchScreen_Generation = YES;
				INFOPLIST_KEY_UIStatusBarStyle = UIStatusBarStyleDefault;
				"INFOPLIST_KEY_UISupportedInterfaceOrientations[sdk=iphoneos*]" = "UIInterfaceOrientationPortrait UIInterfaceOrientationLandscapeLeft UIInterfaceOrientationLandscapeRight";
				"INFOPLIST_KEY_UISupportedInterfaceOrientations[sdk=ipados*]" = "UIInterfaceOrientationPortrait UIInterfaceOrientationPortraitUpsideDown UIInterfaceOrientationLandscapeLeft UIInterfaceOrientationLandscapeRight";
				LD_RUNPATH_SEARCH_PATHS = "@executable_path/Frameworks";
				MARKETING_VERSION = 1.0;
				PRODUCT_BUNDLE_IDENTIFIER = "com.example.passportquest";
				PRODUCT_NAME = "$(TARGET_NAME)";
				SWIFT_VERSION = 5.0;
				TARGETED_DEVICE_FAMILY = "1,2";
			};
			name = Release;
		};
/* End XCBuildConfiguration section */

/* Begin XCConfigurationList section */
		PQ0000000000000000000050 /* Build configuration list for PBXProject "PassportQuest" */ = {
			isa = XCConfigurationList;
			buildConfigurations = (
				PQ0000000000000000000051 /* Debug */,
				PQ0000000000000000000052 /* Release */,
			);
			defaultConfigurationIsVisible = 0;
			defaultConfigurationName = Release;
		};
		PQ000000000000000000004F /* Build configuration list for PBXNativeTarget "PassportQuest" */ = {
			isa = XCConfigurationList;
			buildConfigurations = (
				PQ0000000000000000000053 /* Debug */,
				PQ0000000000000000000054 /* Release */,
			);
			defaultConfigurationIsVisible = 0;
			defaultConfigurationName = Release;
		};
/* End XCConfigurationList section */
	};
	rootObject = PQ000000000000000000004E /* Project object */;
}
